
Microsoft Visual Studio Solution File, Format Version 12.00
# Visual Studio Version 17
VisualStudioVersion = 17.10.35027.167
MinimumVisualStudioVersion = 10.0.40219.1
Project("{FAE04EC0-301F-11D3-BF4B-00C04F79EFBC}") = "MagicVilla_VillaAPI", "MagicVilla_VillaAPI\MagicVilla_VillaAPI.csproj", "{4C2D77A5-33E6-4E69-93D0-105E3DF3F225}"
EndProject
Global
	GlobalSection(SolutionConfigurationPlatforms) = preSolution
		Debug|Any CPU = Debug|Any CPU
		Release|Any CPU = Release|Any CPU
	EndGlobalSection
	GlobalSection(ProjectConfigurationPlatforms) = postSolution
		{4C2D77A5-33E6-4E69-93D0-105E3DF3F225}.Debug|Any CPU.ActiveCfg = Debug|Any CPU
		{4C2D77A5-33E6-4E69-93D0-105E3DF3F225}.Debug|Any CPU.Build.0 = Debug|Any CPU
		{4C2D77A5-33E6-4E69-93D0-105E3DF3F225}.Release|Any CPU.ActiveCfg = Release|Any CPU
		{4C2D77A5-33E6-4E69-93D0-105E3DF3F225}.Release|Any CPU.Build.0 = Release|Any CPU
	EndGlobalSection
	GlobalSection(SolutionProperties) = preSolution
		HideSolutionNode = FALSE
	EndGlobalSection
	GlobalSection(ExtensibilityGlobals) = postSolution
		SolutionGuid = {EAFB6F2F-71D7-44D6-8EDC-244144BEB4E5}
	EndGlobalSection
EndGlobal
